
Microsoft Visual Studio Solution File, Format Version 12.00
# Visual Studio Version 16
VisualStudioVersion = 16.0.31829.152
MinimumVisualStudioVersion = 10.0.40219.1
Project("{FAE04EC0-301F-11D3-BF4B-00C04F79EFBC}") = "RE-Cafeteria", "RE-Cafeteria\RE-Cafeteria.csproj", "{A6105831-EB12-4FFF-B650-CA07B484EC6A}"
EndProject
Global
	GlobalSection(SolutionConfigurationPlatforms) = preSolution
		Debug|Any CPU = Debug|Any CPU
		Release|Any CPU = Release|Any CPU
	EndGlobalSection
	GlobalSection(ProjectConfigurationPlatforms) = postSolution
		{A6105831-EB12-4FFF-B650-CA07B484EC6A}.Debug|Any CPU.ActiveCfg = Debug|Any CPU
		{A6105831-EB12-4FFF-B650-CA07B484EC6A}.Debug|Any CPU.Build.0 = Debug|Any CPU
		{A6105831-EB12-4FFF-B650-CA07B484EC6A}.Release|Any CPU.ActiveCfg = Release|Any CPU
		{A6105831-EB12-4FFF-B650-CA07B484EC6A}.Release|Any CPU.Build.0 = Release|Any CPU
	EndGlobalSection
	GlobalSection(SolutionProperties) = preSolution
		HideSolutionNode = FALSE
	EndGlobalSection
	GlobalSection(ExtensibilityGlobals) = postSolution
		SolutionGuid = {EB79E8A4-1AC5-4056-A16B-56912691ED2B}
	EndGlobalSection
EndGlobal
